
Microsoft Visual Studio Solution File, Format Version 12.00
# Visual Studio Version 17
VisualStudioVersion = 17.11.35327.3
MinimumVisualStudioVersion = 10.0.40219.1
Project("{FAE04EC0-301F-11D3-BF4B-00C04F79EFBC}") = "WebApplication1", "WebApplication1\WebApplication1.csproj", "{DAB3A7A7-83EF-4D05-9608-9F06D783B80B}"
EndProject
Global
	GlobalSection(SolutionConfigurationPlatforms) = preSolution
		Debug|Any CPU = Debug|Any CPU
		Release|Any CPU = Release|Any CPU
	EndGlobalSection
	GlobalSection(ProjectConfigurationPlatforms) = postSolution
		{DAB3A7A7-83EF-4D05-9608-9F06D783B80B}.Debug|Any CPU.ActiveCfg = Debug|Any CPU
		{DAB3A7A7-83EF-4D05-9608-9F06D783B80B}.Debug|Any CPU.Build.0 = Debug|Any CPU
		{DAB3A7A7-83EF-4D05-9608-9F06D783B80B}.Release|Any CPU.ActiveCfg = Release|Any CPU
		{DAB3A7A7-83EF-4D05-9608-9F06D783B80B}.Release|Any CPU.Build.0 = Release|Any CPU
	EndGlobalSection
	GlobalSection(SolutionProperties) = preSolution
		HideSolutionNode = FALSE
	EndGlobalSection
	GlobalSection(ExtensibilityGlobals) = postSolution
		SolutionGuid = {2B43C2AA-CF1B-4434-94DD-E243DED7B2E1}
	EndGlobalSection
EndGlobal
